// !$*UTF8*$!
{
	archiveVersion = 1;
	classes = {
	};
	objectVersion = 46;
	objects = {

/* Begin PBXBuildFile section */
		390A917A1AE49C2A005AEB3A /* AppDelegate.swift in Sources */ = {isa = PBXBuildFile; fileRef = 390A91791AE49C2A005AEB3A /* AppDelegate.swift */; };
		390A917C1AE49C2A005AEB3A /* ViewController.swift in Sources */ = {isa = PBXBuildFile; fileRef = 390A917B1AE49C2A005AEB3A /* ViewController.swift */; };
		390A917F1AE49C2A005AEB3A /* Main.storyboard in Resources */ = {isa = PBXBuildFile; fileRef = 390A917D1AE49C2A005AEB3A /* Main.storyboard */; };
		390A91811AE49C2A005AEB3A /* Images.xcassets in Resources */ = {isa = PBXBuildFile; fileRef = 390A91801AE49C2A005AEB3A /* Images.xcassets */; };
		390A91841AE49C2A005AEB3A /* LaunchScreen.xib in Resources */ = {isa = PBXBuildFile; fileRef = 390A91821AE49C2A005AEB3A /* LaunchScreen.xib */; };
		390A91901AE49C2A005AEB3A /* MediaComponentTests.swift in Sources */ = {isa = PBXBuildFile; fileRef = 390A918F1AE49C2A005AEB3A /* MediaComponentTests.swift */; };
/* End PBXBuildFile section */

/* Begin PBXContainerItemProxy section */
		390A918A1AE49C2A005AEB3A /* PBXContainerItemProxy */ = {
			isa = PBXContainerItemProxy;
			containerPortal = 390A916C1AE49C2A005AEB3A /* Project object */;
			proxyType = 1;
			remoteGlobalIDString = 390A91731AE49C2A005AEB3A;
			remoteInfo = MediaComponent;
		};
/* End PBXContainerItemProxy section */

/* Begin PBXFileReference section */
		390A91741AE49C2A005AEB3A /* MediaComponent.app */ = {isa = PBXFileReference; explicitFileType = wrapper.application; includeInIndex = 0; path = MediaComponent.app; sourceTree = BUILT_PRODUCTS_DIR; };
		390A91781AE49C2A005AEB3A /* Info.plist */ = {isa = PBXFileReference; lastKnownFileType = text.plist.xml; path = Info.plist; sourceTree = "<group>"; };
		390A91791AE49C2A005AEB3A /* AppDelegate.swift */ = {isa = PBXFileReference; lastKnownFileType = sourcecode.swift; path = AppDelegate.swift; sourceTree = "<group>"; };
		390A917B1AE49C2A005AEB3A /* ViewController.swift */ = {isa = PBXFileReference; lastKnownFileType = sourcecode.swift; path = ViewController.swift; sourceTree = "<group>"; };
		390A917E1AE49C2A005AEB3A /* Base */ = {isa = PBXFileReference; lastKnownFileType = file.storyboard; name = Base; path = Base.lproj/Main.storyboard; sourceTree = "<group>"; };
		390A91801AE49C2A005AEB3A /* Images.xcassets */ = {isa = PBXFileReference; lastKnownFileType = folder.assetcatalog; path = Images.xcassets; sourceTree = "<group>"; };
		390A91831AE49C2A005AEB3A /* Base */ = {isa = PBXFileReference; lastKnownFileType = file.xib; name = Base; path = Base.lproj/LaunchScreen.xib; sourceTree = "<group>"; };
		390A91891AE49C2A005AEB3A /* MediaComponentTests.xctest */ = {isa = PBXFileReference; explicitFileType = wrapper.cfbundle; includeInIndex = 0; path = MediaComponentTests.xctest; sourceTree = BUILT_PRODUCTS_DIR; };
		390A918E1AE49C2A005AEB3A /* Info.plist */ = {isa = PBXFileReference; lastKnownFileType = text.plist.xml; path = Info.plist; sourceTree = "<group>"; };
		390A918F1AE49C2A005AEB3A /* MediaComponentTests.swift */ = {isa = PBXFileReference; lastKnownFileType = sourcecode.swift; path = MediaComponentTests.swift; sourceTree = "<group>"; };
/* End PBXFileReference section */

/* Begin PBXFrameworksBuildPhase section */
		390A91711AE49C2A005AEB3A /* Frameworks */ = {
			isa = PBXFrameworksBuildPhase;
			buildActionMask = 2147483647;
			files = (
			);
			runOnlyForDeploymentPostprocessing = 0;
		};
		390A91861AE49C2A005AEB3A /* Frameworks */ = {
			isa = PBXFrameworksBuildPhase;
			buildActionMask = 2147483647;
			files = (
			);
			runOnlyForDeploymentPostprocessing = 0;
		};
/* End PBXFrameworksBuildPhase section */

/* Begin PBXGroup section */
		390A916B1AE49C2A005AEB3A = {
			isa = PBXGroup;
			children = (
				390A91761AE49C2A005AEB3A /* MediaComponent */,
				390A918C1AE49C2A005AEB3A /* MediaComponentTests */,
				390A91751AE49C2A005AEB3A /* Products */,
			);
			sourceTree = "<group>";
		};
		390A91751AE49C2A005AEB3A /* Products */ = {
			isa = PBXGroup;
			children = (
				390A91741AE49C2A005AEB3A /* MediaComponent.app */,
				390A91891AE49C2A005AEB3A /* MediaComponentTests.xctest */,
			);
			name = Products;
			sourceTree = "<group>";
		};
		390A91761AE49C2A005AEB3A /* MediaComponent */ = {
			isa = PBXGroup;
			children = (
				390A91791AE49C2A005AEB3A /* AppDelegate.swift */,
				390A917B1AE49C2A005AEB3A /* ViewController.swift */,
				390A917D1AE49C2A005AEB3A /* Main.storyboard */,
				390A91801AE49C2A005AEB3A /* Images.xcassets */,
				390A91821AE49C2A005AEB3A /* LaunchScreen.xib */,
				390A91771AE49C2A005AEB3A /* Supporting Files */,
			);
			path = MediaComponent;
			sourceTree = "<group>";
		};
		390A91771AE49C2A005AEB3A /* Supporting Files */ = {
			isa = PBXGroup;
			children = (
				390A91781AE49C2A005AEB3A /* Info.plist */,
			);
			name = "Supporting Files";
			sourceTree = "<group>";
		};
		390A918C1AE49C2A005AEB3A /* MediaComponentTests */ = {
			isa = PBXGroup;
			children = (
				390A918F1AE49C2A005AEB3A /* MediaComponentTests.swift */,
				390A918D1AE49C2A005AEB3A /* Supporting Files */,
			);
			path = MediaComponentTests;
			sourceTree = "<group>";
		};
		390A918D1AE49C2A005AEB3A /* Supporting Files */ = {
			isa = PBXGroup;
			children = (
				390A918E1AE49C2A005AEB3A /* Info.plist */,
			);
			name = "Supporting Files";
			sourceTree = "<group>";
		};
/* End PBXGroup section */

/* Begin PBXNativeTarget section */
		390A91731AE49C2A005AEB3A /* MediaComponent */ = {
			isa = PBXNativeTarget;
			buildConfigurationList = 390A91931AE49C2A005AEB3A /* Build configuration list for PBXNativeTarget "MediaComponent" */;
			buildPhases = (
				390A91701AE49C2A005AEB3A /* Sources */,
				390A91711AE49C2A005AEB3A /* Frameworks */,
				390A91721AE49C2A005AEB3A /* Resources */,
			);
			buildRules = (
			);
			dependencies = (
			);
			name = MediaComponent;
			productName = MediaComponent;
			productReference = 390A91741AE49C2A005AEB3A /* MediaComponent.app */;
			productType = "com.apple.product-type.application";
		};
		390A91881AE49C2A005AEB3A /* MediaComponentTests */ = {
			isa = PBXNativeTarget;
			buildConfigurationList = 390A91961AE49C2A005AEB3A /* Build configuration list for PBXNativeTarget "MediaComponentTests" */;
			buildPhases = (
				390A91851AE49C2A005AEB3A /* Sources */,
				390A91861AE49C2A005AEB3A /* Frameworks */,
				390A91871AE49C2A005AEB3A /* Resources */,
			);
			buildRules = (
			);
			dependencies = (
				390A918B1AE49C2A005AEB3A /* PBXTargetDependency */,
			);
			name = MediaComponentTests;
			productName = MediaComponentTests;
			productReference = 390A91891AE49C2A005AEB3A /* MediaComponentTests.xctest */;
			productType = "com.apple.product-type.bundle.unit-test";
		};
/* End PBXNativeTarget section */

/* Begin PBXProject section */
		390A916C1AE49C2A005AEB3A /* Project object */ = {
			isa = PBXProject;
			attributes = {
				LastUpgradeCheck = 0630;
				ORGANIZATIONNAME = June;
				TargetAttributes = {
					390A91731AE49C2A005AEB3A = {
						CreatedOnToolsVersion = 6.3;
					};
					390A91881AE49C2A005AEB3A = {
						CreatedOnToolsVersion = 6.3;
						TestTargetID = 390A91731AE49C2A005AEB3A;
					};
				};
			};
			buildConfigurationList = 390A916F1AE49C2A005AEB3A /* Build configuration list for PBXProject "MediaComponent" */;
			compatibilityVersion = "Xcode 3.2";
			developmentRegion = English;
			hasScannedForEncodings = 0;
			knownRegions = (
				en,
				Base,
			);
			mainGroup = 390A916B1AE49C2A005AEB3A;
			productRefGroup = 390A91751AE49C2A005AEB3A /* Products */;
			projectDirPath = "";
			projectRoot = "";
			targets = (
				390A91731AE49C2A005AEB3A /* MediaComponent */,
				390A91881AE49C2A005AEB3A /* MediaComponentTests */,
			);
		};
/* End PBXProject section */

/* Begin PBXResourcesBuildPhase section */
		390A91721AE49C2A005AEB3A /* Resources */ = {
			isa = PBXResourcesBuildPhase;
			buildActionMask = 2147483647;
			files = (
				390A917F1AE49C2A005AEB3A /* Main.storyboard in Resources */,
				390A91841AE49C2A005AEB3A /* LaunchScreen.xib in Resources */,
				390A91811AE49C2A005AEB3A /* Images.xcassets in Resources */,
			);
			runOnlyForDeploymentPostprocessing = 0;
		};
		390A91871AE49C2A005AEB3A /* Resources */ = {
			isa = PBXResourcesBuildPhase;
			buildActionMask = 2147483647;
			files = (
			);
			runOnlyForDeploymentPostprocessing = 0;
		};
/* End PBXResourcesBuildPhase section */

/* Begin PBXSourcesBuildPhase section */
		390A91701AE49C2A005AEB3A /* Sources */ = {
			isa = PBXSourcesBuildPhase;
			buildActionMask = 2147483647;
			files = (
				390A917C1AE49C2A005AEB3A /* ViewController.swift in Sources */,
				390A917A1AE49C2A005AEB3A /* AppDelegate.swift in Sources */,
			);
			runOnlyForDeploymentPostprocessing = 0;
		};
		390A91851AE49C2A005AEB3A /* Sources */ = {
			isa = PBXSourcesBuildPhase;
			buildActionMask = 2147483647;
			files = (
				390A91901AE49C2A005AEB3A /* MediaComponentTests.swift in Sources */,
			);
			runOnlyForDeploymentPostprocessing = 0;
		};
/* End PBXSourcesBuildPhase section */

/* Begin PBXTargetDependency section */
		390A918B1AE49C2A005AEB3A /* PBXTargetDependency */ = {
			isa = PBXTargetDependency;
			target = 390A91731AE49C2A005AEB3A /* MediaComponent */;
			targetProxy = 390A918A1AE49C2A005AEB3A /* PBXContainerItemProxy */;
		};
/* End PBXTargetDependency section */

/* Begin PBXVariantGroup section */
		390A917D1AE49C2A005AEB3A /* Main.storyboard */ = {
			isa = PBXVariantGroup;
			children = (
				390A917E1AE49C2A005AEB3A /* Base */,
			);
			name = Main.storyboard;
			sourceTree = "<group>";
		};
		390A91821AE49C2A005AEB3A /* LaunchScreen.xib */ = {
			isa = PBXVariantGroup;
			children = (
				390A91831AE49C2A005AEB3A /* Base */,
			);
			name = LaunchScreen.xib;
			sourceTree = "<group>";
		};
/* End PBXVariantGroup section */

/* Begin XCBuildConfiguration section */
		390A91911AE49C2A005AEB3A /* Debug */ = {
			isa = XCBuildConfiguration;
			buildSettings = {
				ALWAYS_SEARCH_USER_PATHS = NO;
				CLANG_CXX_LANGUAGE_STANDARD = "gnu++0x";
				CLANG_CXX_LIBRARY = "libc++";
				CLANG_ENABLE_MODULES = YES;
				CLANG_ENABLE_OBJC_ARC = YES;
				CLANG_WARN_BOOL_CONVERSION = YES;
				CLANG_WARN_CONSTANT_CONVERSION = YES;
				CLANG_WARN_DIRECT_OBJC_ISA_USAGE = YES_ERROR;
				CLANG_WARN_EMPTY_BODY = YES;
				CLANG_WARN_ENUM_CONVERSION = YES;
				CLANG_WARN_INT_CONVERSION = YES;
				CLANG_WARN_OBJC_ROOT_CLASS = YES_ERROR;
				CLANG_WARN_UNREACHABLE_CODE = YES;
				CLANG_WARN__DUPLICATE_METHOD_MATCH = YES;
				"CODE_SIGN_IDENTITY[sdk=iphoneos*]" = "iPhone Developer";
				COPY_PHASE_STRIP = NO;
				DEBUG_INFORMATION_FORMAT = "dwarf-with-dsym";
				ENABLE_STRICT_OBJC_MSGSEND = YES;
				GCC_C_LANGUAGE_STANDARD = gnu99;
				GCC_DYNAMIC_NO_PIC = NO;
				GCC_NO_COMMON_BLOCKS = YES;
				GCC_OPTIMIZATION_LEVEL = 0;
				GCC_PREPROCESSOR_DEFINITIONS = (
					"DEBUG=1",
					"$(inherited)",
				);
				GCC_SYMBOLS_PRIVATE_EXTERN = NO;
				GCC_WARN_64_TO_32_BIT_CONVERSION = YES;
				GCC_WARN_ABOUT_RETURN_TYPE = YES_ERROR;
				GCC_WARN_UNDECLARED_SELECTOR = YES;
				GCC_WARN_UNINITIALIZED_AUTOS = YES_AGGRESSIVE;
				GCC_WARN_UNUSED_FUNCTION = YES;
				GCC_WARN_UNUSED_VARIABLE = YES;
				IPHONEOS_DEPLOYMENT_TARGET = 8.3;
				MTL_ENABLE_DEBUG_INFO = YES;
				ONLY_ACTIVE_ARCH = YES;
				SDKROOT = iphoneos;
				SWIFT_OPTIMIZATION_LEVEL = "-Onone";
			};
			name = Debug;
		};
		390A91921AE49C2A005AEB3A /* Release */ = {
			isa = XCBuildConfiguration;
			buildSettings = {
				ALWAYS_SEARCH_USER_PATHS = NO;
				CLANG_CXX_LANGUAGE_STANDARD = "gnu++0x";
				CLANG_CXX_LIBRARY = "libc++";
				CLANG_ENABLE_MODULES = YES;
				CLANG_ENABLE_OBJC_ARC = YES;
				CLANG_WARN_BOOL_CONVERSION = YES;
				CLANG_WARN_CONSTANT_CONVERSION = YES;
				CLANG_WARN_DIRECT_OBJC_ISA_USAGE = YES_ERROR;
				CLANG_WARN_EMPTY_BODY = YES;
				CLANG_WARN_ENUM_CONVERSION = YES;
				CLANG_WARN_INT_CONVERSION = YES;
				CLANG_WARN_OBJC_ROOT_CLASS = YES_ERROR;
				CLANG_WARN_UNREACHABLE_CODE = YES;
				CLANG_WARN__DUPLICATE_METHOD_MATCH = YES;
				"CODE_SIGN_IDENTITY[sdk=iphoneos*]" = "iPhone Developer";
				COPY_PHASE_STRIP = NO;
				DEBUG_INFORMATION_FORMAT = "dwarf-with-dsym";
				ENABLE_NS_ASSERTIONS = NO;
				ENABLE_STRICT_OBJC_MSGSEND = YES;
				GCC_C_LANGUAGE_STANDARD = gnu99;
				GCC_NO_COMMON_BLOCKS = YES;
				GCC_WARN_64_TO_32_BIT_CONVERSION = YES;
				GCC_WARN_ABOUT_RETURN_TYPE = YES_ERROR;
				GCC_WARN_UNDECLARED_SELECTOR = YES;
				GCC_WARN_UNINITIALIZED_AUTOS = YES_AGGRESSIVE;
				GCC_WARN_UNUSED_FUNCTION = YES;
				GCC_WARN_UNUSED_VARIABLE = YES;
				IPHONEOS_DEPLOYMENT_TARGET = 8.3;
				MTL_ENABLE_DEBUG_INFO = NO;
				SDKROOT = iphoneos;
				VALIDATE_PRODUCT = YES;
			};
			name = Release;
		};
		390A91941AE49C2A005AEB3A /* Debug */ = {
			isa = XCBuildConfiguration;
			buildSettings = {
				ASSETCATALOG_COMPILER_APPICON_NAME = AppIcon;
				INFOPLIST_FILE = MediaComponent/Info.plist;
				LD_RUNPATH_SEARCH_PATHS = "$(inherited) @executable_path/Frameworks";
				PRODUCT_NAME = "$(TARGET_NAME)";
			};
			name = Debug;
		};
		390A91951AE49C2A005AEB3A /* Release */ = {
			isa = XCBuildConfiguration;
			buildSettings = {
				ASSETCATALOG_COMPILER_APPICON_NAME = AppIcon;
				INFOPLIST_FILE = MediaComponent/Info.plist;
				LD_RUNPATH_SEARCH_PATHS = "$(inherited) @executable_path/Frameworks";
				PRODUCT_NAME = "$(TARGET_NAME)";
			};
			name = Release;
		};
		390A91971AE49C2A005AEB3A /* Debug */ = {
			isa = XCBuildConfiguration;
			buildSettings = {
				BUNDLE_LOADER = "$(TEST_HOST)";
				FRAMEWORK_SEARCH_PATHS = (
					"$(SDKROOT)/Developer/Library/Frameworks",
					"$(inherited)",
				);
				GCC_PREPROCESSOR_DEFINITIONS = (
					"DEBUG=1",
					"$(inherited)",
				);
				INFOPLIST_FILE = MediaComponentTests/Info.plist;
				LD_RUNPATH_SEARCH_PATHS = "$(inherited) @executable_path/Frameworks @loader_path/Frameworks";
				PRODUCT_NAME = "$(TARGET_NAME)";
				TEST_HOST = "$(BUILT_PRODUCTS_DIR)/MediaComponent.app/MediaComponent";
			};
			name = Debug;
		};
		390A91981AE49C2A005AEB3A /* Release */ = {
			isa = XCBuildConfiguration;
			buildSettings = {
				BUNDLE_LOADER = "$(TEST_HOST)";
				FRAMEWORK_SEARCH_PATHS = (
					"$(SDKROOT)/Developer/Library/Frameworks",
					"$(inherited)",
				);
				INFOPLIST_FILE = MediaComponentTests/Info.plist;
				LD_RUNPATH_SEARCH_PATHS = "$(inherited) @executable_path/Frameworks @loader_path/Frameworks";
				PRODUCT_NAME = "$(TARGET_NAME)";
				TEST_HOST = "$(BUILT_PRODUCTS_DIR)/MediaComponent.app/MediaComponent";
			};
			name = Release;
		};
/* End XCBuildConfiguration section */

/* Begin XCConfigurationList section */
		390A916F1AE49C2A005AEB3A /* Build configuration list for PBXProject "MediaComponent" */ = {
			isa = XCConfigurationList;
			buildConfigurations = (
				390A91911AE49C2A005AEB3A /* Debug */,
				390A91921AE49C2A005AEB3A /* Release */,
			);
			defaultConfigurationIsVisible = 0;
			defaultConfigurationName = Release;
		};
		390A91931AE49C2A005AEB3A /* Build configuration list for PBXNativeTarget "MediaComponent" */ = {
			isa = XCConfigurationList;
			buildConfigurations = (
				390A91941AE49C2A005AEB3A /* Debug */,
				390A91951AE49C2A005AEB3A /* Release */,
			);
			defaultConfigurationIsVisible = 0;
		};
		390A91961AE49C2A005AEB3A /* Build configuration list for PBXNativeTarget "MediaComponentTests" */ = {
			isa = XCConfigurationList;
			buildConfigurations = (
				390A91971AE49C2A005AEB3A /* Debug */,
				390A91981AE49C2A005AEB3A /* Release */,
			);
			defaultConfigurationIsVisible = 0;
		};
/* End XCConfigurationList section */
	};
	rootObject = 390A916C1AE49C2A005AEB3A /* Project object */;
}
